
Microsoft Visual Studio Solution File, Format Version 12.00
# Visual Studio Version 17
VisualStudioVersion = 17.11.35219.272
MinimumVisualStudioVersion = 10.0.40219.1
Project("{9A19103F-16F7-4668-BE54-9A1E7A4F7556}") = "DAM.Test", "DAM.Test\DAM.Test.csproj", "{057979DF-7CC4-4C53-8889-BD884DFB9DE5}"
EndProject
Project("{9A19103F-16F7-4668-BE54-9A1E7A4F7556}") = "DAM", "DAM\DAM.csproj", "{73C52CB2-5434-4B9F-955C-9A54AC045B86}"
EndProject
Global
	GlobalSection(SolutionConfigurationPlatforms) = preSolution
		Debug|Any CPU = Debug|Any CPU
		Release|Any CPU = Release|Any CPU
	EndGlobalSection
	GlobalSection(ProjectConfigurationPlatforms) = postSolution
		{057979DF-7CC4-4C53-8889-BD884DFB9DE5}.Debug|Any CPU.ActiveCfg = Debug|Any CPU
		{057979DF-7CC4-4C53-8889-BD884DFB9DE5}.Debug|Any CPU.Build.0 = Debug|Any CPU
		{057979DF-7CC4-4C53-8889-BD884DFB9DE5}.Release|Any CPU.ActiveCfg = Release|Any CPU
		{057979DF-7CC4-4C53-8889-BD884DFB9DE5}.Release|Any CPU.Build.0 = Release|Any CPU
		{73C52CB2-5434-4B9F-955C-9A54AC045B86}.Debug|Any CPU.ActiveCfg = Debug|Any CPU
		{73C52CB2-5434-4B9F-955C-9A54AC045B86}.Debug|Any CPU.Build.0 = Debug|Any CPU
		{73C52CB2-5434-4B9F-955C-9A54AC045B86}.Release|Any CPU.ActiveCfg = Release|Any CPU
		{73C52CB2-5434-4B9F-955C-9A54AC045B86}.Release|Any CPU.Build.0 = Release|Any CPU
	EndGlobalSection
	GlobalSection(SolutionProperties) = preSolution
		HideSolutionNode = FALSE
	EndGlobalSection
	GlobalSection(ExtensibilityGlobals) = postSolution
		SolutionGuid = {B6C4826E-55D2-4820-9757-7C5939720417}
	EndGlobalSection
EndGlobal
